
Microsoft Visual Studio Solution File, Format Version 12.00
# Visual Studio 2013
VisualStudioVersion = 12.0.21005.1
MinimumVisualStudioVersion = 10.0.40219.1
Project("{FAE04EC0-301F-11D3-BF4B-00C04F79EFBC}") = "WindowsFormsApplication2", "WindowsFormsApplication2\WindowsFormsApplication2.csproj", "{94E0B30F-D10B-42DE-BDA2-B83D42AA5D8D}"
EndProject
Project("{FAE04EC0-301F-11D3-BF4B-00C04F79EFBC}") = "FFTClass", "ClassLibrary1\FFTClass.csproj", "{2497D441-EC5E-4483-B880-CD09AA916997}"
EndProject
Global
	GlobalSection(SolutionConfigurationPlatforms) = preSolution
		Debug|Any CPU = Debug|Any CPU
		Release|Any CPU = Release|Any CPU
	EndGlobalSection
	GlobalSection(ProjectConfigurationPlatforms) = postSolution
		{94E0B30F-D10B-42DE-BDA2-B83D42AA5D8D}.Debug|Any CPU.ActiveCfg = Debug|Any CPU
		{94E0B30F-D10B-42DE-BDA2-B83D42AA5D8D}.Debug|Any CPU.Build.0 = Debug|Any CPU
		{94E0B30F-D10B-42DE-BDA2-B83D42AA5D8D}.Release|Any CPU.ActiveCfg = Release|Any CPU
		{94E0B30F-D10B-42DE-BDA2-B83D42AA5D8D}.Release|Any CPU.Build.0 = Release|Any CPU
		{2497D441-EC5E-4483-B880-CD09AA916997}.Debug|Any CPU.ActiveCfg = Debug|Any CPU
		{2497D441-EC5E-4483-B880-CD09AA916997}.Debug|Any CPU.Build.0 = Debug|Any CPU
		{2497D441-EC5E-4483-B880-CD09AA916997}.Release|Any CPU.ActiveCfg = Release|Any CPU
		{2497D441-EC5E-4483-B880-CD09AA916997}.Release|Any CPU.Build.0 = Release|Any CPU
	EndGlobalSection
	GlobalSection(SolutionProperties) = preSolution
		HideSolutionNode = FALSE
	EndGlobalSection
EndGlobal
